
Microsoft Visual Studio Solution File, Format Version 12.00
# Visual Studio Version 17
VisualStudioVersion = 17.14.36221.1
MinimumVisualStudioVersion = 10.0.40219.1
Project("{FAE04EC0-301F-11D3-BF4B-00C04F79EFBC}") = "Battleship.API", "Battleship.API.csproj", "{800DE6D4-A353-4AB7-A62E-1F3E5AE2917A}"
EndProject
Project("{FAE04EC0-301F-11D3-BF4B-00C04F79EFBC}") = "Battleship.Test", "..\Battleship.Test\Battleship.Test.csproj", "{36828BB2-F3A3-4792-AD58-F69C62A73B08}"
EndProject
Global
	GlobalSection(SolutionConfigurationPlatforms) = preSolution
		Debug|Any CPU = Debug|Any CPU
		Release|Any CPU = Release|Any CPU
	EndGlobalSection
	GlobalSection(ProjectConfigurationPlatforms) = postSolution
		{800DE6D4-A353-4AB7-A62E-1F3E5AE2917A}.Debug|Any CPU.ActiveCfg = Debug|Any CPU
		{800DE6D4-A353-4AB7-A62E-1F3E5AE2917A}.Debug|Any CPU.Build.0 = Debug|Any CPU
		{800DE6D4-A353-4AB7-A62E-1F3E5AE2917A}.Release|Any CPU.ActiveCfg = Release|Any CPU
		{800DE6D4-A353-4AB7-A62E-1F3E5AE2917A}.Release|Any CPU.Build.0 = Release|Any CPU
		{36828BB2-F3A3-4792-AD58-F69C62A73B08}.Debug|Any CPU.ActiveCfg = Debug|Any CPU
		{36828BB2-F3A3-4792-AD58-F69C62A73B08}.Debug|Any CPU.Build.0 = Debug|Any CPU
		{36828BB2-F3A3-4792-AD58-F69C62A73B08}.Release|Any CPU.ActiveCfg = Release|Any CPU
		{36828BB2-F3A3-4792-AD58-F69C62A73B08}.Release|Any CPU.Build.0 = Release|Any CPU
	EndGlobalSection
	GlobalSection(SolutionProperties) = preSolution
		HideSolutionNode = FALSE
	EndGlobalSection
	GlobalSection(ExtensibilityGlobals) = postSolution
		SolutionGuid = {EDA82611-357B-428B-8EEC-F0CBBAB9EE2D}
	EndGlobalSection
EndGlobal
